{
    "_readme": [
        "This file locks the dependencies of your project to a known state",
        "Read more about it at https://getcomposer.org/doc/01-basic-usage.md#composer-lock-the-lock-file",
        "This file is @generated automatically"
    ],
    "hash": "6caccf377a6efc02c13893290cdb5929",
    "content-hash": "217bd7058a373f8666e2452ba5adc578",
    "packages": [
        {
            "name": "fzaninotto/faker",
            "version": "v1.5.0",
            "source": {
                "type": "git",
                "url": "https://github.com/fzaninotto/Faker.git",
                "reference": "d0190b156bcca848d401fb80f31f504f37141c8d"
            },
            "dist": {
                "type": "zip",
                "url": "https://api.github.com/repos/fzaninotto/Faker/zipball/d0190b156bcca848d401fb80f31f504f37141c8d",
                "reference": "d0190b156bcca848d401fb80f31f504f37141c8d",
                "shasum": ""
            },
            "require": {
                "php": ">=5.3.3"
            },
            "require-dev": {
                "phpunit/phpunit": "~4.0",
                "squizlabs/php_codesniffer": "~1.5"
            },
            "suggest": {
                "ext-intl": "*"
            },
            "type": "library",
            "extra": {
                "branch-alias": {
                    "dev-master": "1.5.x-dev"
                }
            },
            "autoload": {
                "psr-4": {
                    "Faker\\": "src/Faker/"
                }
            },
            "notification-url": "https://packagist.org/downloads/",
            "license": [
                "MIT"
            ],
            "authors": [
                {
                    "name": "François Zaninotto"
                }
            ],
            "description": "Faker is a PHP library that generates fake data for you.",
            "keywords": [
                "data",
                "faker",
                "fixtures"
            ],
            "time": "2015-05-29 06:29:14"
        },
        {
            "name": "pda/pheanstalk",
            "version": "v3.1.0",
            "source": {
                "type": "git",
                "url": "https://github.com/pda/pheanstalk.git",
                "reference": "430e77c551479aad0c6ada0450ee844cf656a18b"
            },
            "dist": {
                "type": "zip",
                "url": "https://api.github.com/repos/pda/pheanstalk/zipball/430e77c551479aad0c6ada0450ee844cf656a18b",
                "reference": "430e77c551479aad0c6ada0450ee844cf656a18b",
                "shasum": ""
            },
            "require": {
                "php": ">=5.3.0"
            },
            "require-dev": {
                "phpunit/phpunit": "~4.0"
            },
            "type": "library",
            "extra": {
                "branch-alias": {
                    "dev-master": "3.0-dev"
                }
            },
            "autoload": {
                "psr-4": {
                    "Pheanstalk\\": "src/"
                }
            },
            "notification-url": "https://packagist.org/downloads/",
            "license": [
                "MIT"
            ],
            "authors": [
                {
                    "name": "Paul Annesley",
                    "email": "paul@annesley.cc",
                    "homepage": "http://paul.annesley.cc/",
                    "role": "Developer"
                }
            ],
            "description": "PHP client for beanstalkd queue",
            "homepage": "https://github.com/pda/pheanstalk",
            "keywords": [
                "beanstalkd"
            ],
            "time": "2015-08-07 21:42:41"
        },
        {
            "name": "pimple/pimple",
            "version": "v3.0.2",
            "source": {
                "type": "git",
                "url": "https://github.com/silexphp/Pimple.git",
                "reference": "a30f7d6e57565a2e1a316e1baf2a483f788b258a"
            },
            "dist": {
                "type": "zip",
                "url": "https://api.github.com/repos/silexphp/Pimple/zipball/a30f7d6e57565a2e1a316e1baf2a483f788b258a",
                "reference": "a30f7d6e57565a2e1a316e1baf2a483f788b258a",
                "shasum": ""
            },
            "require": {
                "php": ">=5.3.0"
            },
            "type": "library",
            "extra": {
                "branch-alias": {
                    "dev-master": "3.0.x-dev"
                }
            },
            "autoload": {
                "psr-0": {
                    "Pimple": "src/"
                }
            },
            "notification-url": "https://packagist.org/downloads/",
            "license": [
                "MIT"
            ],
            "authors": [
                {
                    "name": "Fabien Potencier",
                    "email": "fabien@symfony.com"
                }
            ],
            "description": "Pimple, a simple Dependency Injection Container",
            "homepage": "http://pimple.sensiolabs.org",
            "keywords": [
                "container",
                "dependency injection"
            ],
            "time": "2015-09-11 15:10:35"
        },
        {
            "name": "psr/log",
            "version": "1.0.0",
            "source": {
                "type": "git",
                "url": "https://github.com/php-fig/log.git",
                "reference": "fe0936ee26643249e916849d48e3a51d5f5e278b"
            },
            "dist": {
                "type": "zip",
                "url": "https://api.github.com/repos/php-fig/log/zipball/fe0936ee26643249e916849d48e3a51d5f5e278b",
                "reference": "fe0936ee26643249e916849d48e3a51d5f5e278b",
                "shasum": ""
            },
            "type": "library",
            "autoload": {
                "psr-0": {
                    "Psr\\Log\\": ""
                }
            },
            "notification-url": "https://packagist.org/downloads/",
            "license": [
                "MIT"
            ],
            "authors": [
                {
                    "name": "PHP-FIG",
                    "homepage": "http://www.php-fig.org/"
                }
            ],
            "description": "Common interface for logging libraries",
            "keywords": [
                "log",
                "psr",
                "psr-3"
            ],
            "time": "2012-12-21 11:40:51"
        },
        {
            "name": "ramsey/uuid",
            "version": "3.1.0",
            "source": {
                "type": "git",
                "url": "https://github.com/ramsey/uuid.git",
                "reference": "3cc2dd253e296ce05f99635b2f633048adfbaa96"
            },
            "dist": {
                "type": "zip",
                "url": "https://api.github.com/repos/ramsey/uuid/zipball/3cc2dd253e296ce05f99635b2f633048adfbaa96",
                "reference": "3cc2dd253e296ce05f99635b2f633048adfbaa96",
                "shasum": ""
            },
            "require": {
                "php": ">=5.4"
            },
            "replace": {
                "rhumsaa/uuid": "self.version"
            },
            "require-dev": {
                "apigen/apigen": "^4.1",
                "ircmaxell/random-lib": "^1.1",
                "jakub-onderka/php-parallel-lint": "^0.9.0",
                "moontoast/math": "^1.1",
                "phpunit/phpunit": "^4.7",
                "satooshi/php-coveralls": "^0.6.1",
                "squizlabs/php_codesniffer": "^2.3"
            },
            "suggest": {
                "ext-uuid": "Provides the PECL UUID extension for use with the PeclUuidTimeGenerator and PeclUuidRandomGenerator",
                "ircmaxell/random-lib": "Provides RandomLib for use with the RandomLibAdapter",
                "moontoast/math": "Provides support for converting UUID to 128-bit integer (in string form).",
                "ramsey/uuid-console": "A console application for generating UUIDs with ramsey/uuid",
                "ramsey/uuid-doctrine": "Allows the use of Ramsey\\Uuid\\Uuid as Doctrine field type."
            },
            "type": "library",
            "autoload": {
                "psr-4": {
                    "Ramsey\\Uuid\\": "src/"
                }
            },
            "notification-url": "https://packagist.org/downloads/",
            "license": [
                "MIT"
            ],
            "authors": [
                {
                    "name": "Marijn Huizendveld",
                    "email": "marijn.huizendveld@gmail.com"
                },
                {
                    "name": "Thibaud Fabre",
                    "email": "thibaud@aztech.io"
                },
                {
                    "name": "Ben Ramsey",
                    "email": "ben@benramsey.com",
                    "homepage": "https://benramsey.com"
                }
            ],
            "description": "Formerly rhumsaa/uuid. A PHP 5.4+ library for generating RFC 4122 version 1, 3, 4, and 5 universally unique identifiers (UUID).",
            "homepage": "https://github.com/ramsey/uuid",
            "keywords": [
                "guid",
                "identifier",
                "uuid"
            ],
            "time": "2015-12-17 15:21:44"
        },
        {
            "name": "sergiors/worker",
            "version": "dev-master",
            "source": {
                "type": "git",
                "url": "https://github.com/sergiors/worker.git",
                "reference": "c904e78bda7a833f54fd7f622b7e07e3bb95b761"
            },
            "dist": {
                "type": "zip",
                "url": "https://api.github.com/repos/sergiors/worker/zipball/c904e78bda7a833f54fd7f622b7e07e3bb95b761",
                "reference": "c904e78bda7a833f54fd7f622b7e07e3bb95b761",
                "shasum": ""
            },
            "require": {
                "php": ">=5.5",
                "psr/log": "^1.0",
                "ramsey/uuid": "^3.1"
            },
            "require-dev": {
                "monolog/monolog": "^1.17",
                "pdepend/pdepend": "^2.2",
                "phing/phing": "^2.13",
                "phploc/phploc": "~2.1",
                "phpmd/phpmd": "^2.3",
                "phpunit/phpunit": "~4.8",
                "sebastian/phpcpd": "^2.0",
                "squizlabs/php_codesniffer": "^2.5"
            },
            "suggest": {
                "monolog/monolog": ""
            },
            "type": "library",
            "autoload": {
                "psr-4": {
                    "Sergiors\\Worker\\": "src"
                }
            },
            "notification-url": "https://packagist.org/downloads/",
            "license": [
                "MIT"
            ],
            "authors": [
                {
                    "name": "Sérgio Rafael Siqueira",
                    "email": "sergio@inbep.com.br"
                }
            ],
            "time": "2016-02-14 01:47:02"
        },
        {
            "name": "symfony/console",
            "version": "v3.0.2",
            "source": {
                "type": "git",
                "url": "https://github.com/symfony/console.git",
                "reference": "5a02eaadaa285e2bb727eb6bbdfb8201fcd971b0"
            },
            "dist": {
                "type": "zip",
                "url": "https://api.github.com/repos/symfony/console/zipball/5a02eaadaa285e2bb727eb6bbdfb8201fcd971b0",
                "reference": "5a02eaadaa285e2bb727eb6bbdfb8201fcd971b0",
                "shasum": ""
            },
            "require": {
                "php": ">=5.5.9",
                "symfony/polyfill-mbstring": "~1.0"
            },
            "require-dev": {
                "psr/log": "~1.0",
                "symfony/event-dispatcher": "~2.8|~3.0",
                "symfony/process": "~2.8|~3.0"
            },
            "suggest": {
                "psr/log": "For using the console logger",
                "symfony/event-dispatcher": "",
                "symfony/process": ""
            },
            "type": "library",
            "extra": {
                "branch-alias": {
                    "dev-master": "3.0-dev"
                }
            },
            "autoload": {
                "psr-4": {
                    "Symfony\\Component\\Console\\": ""
                },
                "exclude-from-classmap": [
                    "/Tests/"
                ]
            },
            "notification-url": "https://packagist.org/downloads/",
            "license": [
                "MIT"
            ],
            "authors": [
                {
                    "name": "Fabien Potencier",
                    "email": "fabien@symfony.com"
                },
                {
                    "name": "Symfony Community",
                    "homepage": "https://symfony.com/contributors"
                }
            ],
            "description": "Symfony Console Component",
            "homepage": "https://symfony.com",
            "time": "2016-02-02 13:44:19"
        },
        {
            "name": "symfony/polyfill-mbstring",
            "version": "v1.1.0",
            "source": {
                "type": "git",
                "url": "https://github.com/symfony/polyfill-mbstring.git",
                "reference": "1289d16209491b584839022f29257ad859b8532d"
            },
            "dist": {
                "type": "zip",
                "url": "https://api.github.com/repos/symfony/polyfill-mbstring/zipball/1289d16209491b584839022f29257ad859b8532d",
                "reference": "1289d16209491b584839022f29257ad859b8532d",
                "shasum": ""
            },
            "require": {
                "php": ">=5.3.3"
            },
            "suggest": {
                "ext-mbstring": "For best performance"
            },
            "type": "library",
            "extra": {
                "branch-alias": {
                    "dev-master": "1.1-dev"
                }
            },
            "autoload": {
                "psr-4": {
                    "Symfony\\Polyfill\\Mbstring\\": ""
                },
                "files": [
                    "bootstrap.php"
                ]
            },
            "notification-url": "https://packagist.org/downloads/",
            "license": [
                "MIT"
            ],
            "authors": [
                {
                    "name": "Nicolas Grekas",
                    "email": "p@tchwork.com"
                },
                {
                    "name": "Symfony Community",
                    "homepage": "https://symfony.com/contributors"
                }
            ],
            "description": "Symfony polyfill for the Mbstring extension",
            "homepage": "https://symfony.com",
            "keywords": [
                "compatibility",
                "mbstring",
                "polyfill",
                "portable",
                "shim"
            ],
            "time": "2016-01-20 09:13:37"
        }
    ],
    "packages-dev": [],
    "aliases": [],
    "minimum-stability": "stable",
    "stability-flags": {
        "sergiors/worker": 20
    },
    "prefer-stable": false,
    "prefer-lowest": false,
    "platform": [],
    "platform-dev": []
}
